// !$*UTF8*$!
{
	archiveVersion = 1;
	classes = {
	};
	objectVersion = 46;
	objects = {

/* Begin PBXBuildFile section */
		225DEC4B1A13D2F700B749EF /* AppDelegate.swift in Sources */ = {isa = PBXBuildFile; fileRef = 225DEC4A1A13D2F700B749EF /* AppDelegate.swift */; };
		225DEC4D1A13D2F700B749EF /* ViewController.swift in Sources */ = {isa = PBXBuildFile; fileRef = 225DEC4C1A13D2F700B749EF /* ViewController.swift */; };
		225DEC501A13D2F700B749EF /* Main.storyboard in Resources */ = {isa = PBXBuildFile; fileRef = 225DEC4E1A13D2F700B749EF /* Main.storyboard */; };
		225DEC521A13D2F700B749EF /* Images.xcassets in Resources */ = {isa = PBXBuildFile; fileRef = 225DEC511A13D2F700B749EF /* Images.xcassets */; };
		225DEC551A13D2F700B749EF /* LaunchScreen.xib in Resources */ = {isa = PBXBuildFile; fileRef = 225DEC531A13D2F700B749EF /* LaunchScreen.xib */; };
		225DEC611A13D2F700B749EF /* tictactoeTests.swift in Sources */ = {isa = PBXBuildFile; fileRef = 225DEC601A13D2F700B749EF /* tictactoeTests.swift */; };
		225DEC6D1A13D5A900B749EF /* board.png in Resources */ = {isa = PBXBuildFile; fileRef = 225DEC6C1A13D5A900B749EF /* board.png */; };
		225DEC701A13D5B500B749EF /* cross.png in Resources */ = {isa = PBXBuildFile; fileRef = 225DEC6E1A13D5B500B749EF /* cross.png */; };
		225DEC711A13D5B500B749EF /* nought.png in Resources */ = {isa = PBXBuildFile; fileRef = 225DEC6F1A13D5B500B749EF /* nought.png */; };
/* End PBXBuildFile section */

/* Begin PBXContainerItemProxy section */
		225DEC5B1A13D2F700B749EF /* PBXContainerItemProxy */ = {
			isa = PBXContainerItemProxy;
			containerPortal = 225DEC3D1A13D2F700B749EF /* Project object */;
			proxyType = 1;
			remoteGlobalIDString = 225DEC441A13D2F700B749EF;
			remoteInfo = tictactoe;
		};
/* End PBXContainerItemProxy section */

/* Begin PBXFileReference section */
		225DEC451A13D2F700B749EF /* tictactoe.app */ = {isa = PBXFileReference; explicitFileType = wrapper.application; includeInIndex = 0; path = tictactoe.app; sourceTree = BUILT_PRODUCTS_DIR; };
		225DEC491A13D2F700B749EF /* Info.plist */ = {isa = PBXFileReference; lastKnownFileType = text.plist.xml; path = Info.plist; sourceTree = "<group>"; };
		225DEC4A1A13D2F700B749EF /* AppDelegate.swift */ = {isa = PBXFileReference; lastKnownFileType = sourcecode.swift; path = AppDelegate.swift; sourceTree = "<group>"; };
		225DEC4C1A13D2F700B749EF /* ViewController.swift */ = {isa = PBXFileReference; lastKnownFileType = sourcecode.swift; path = ViewController.swift; sourceTree = "<group>"; };
		225DEC4F1A13D2F700B749EF /* Base */ = {isa = PBXFileReference; lastKnownFileType = file.storyboard; name = Base; path = Base.lproj/Main.storyboard; sourceTree = "<group>"; };
		225DEC511A13D2F700B749EF /* Images.xcassets */ = {isa = PBXFileReference; lastKnownFileType = folder.assetcatalog; path = Images.xcassets; sourceTree = "<group>"; };
		225DEC541A13D2F700B749EF /* Base */ = {isa = PBXFileReference; lastKnownFileType = file.xib; name = Base; path = Base.lproj/LaunchScreen.xib; sourceTree = "<group>"; };
		225DEC5A1A13D2F700B749EF /* tictactoeTests.xctest */ = {isa = PBXFileReference; explicitFileType = wrapper.cfbundle; includeInIndex = 0; path = tictactoeTests.xctest; sourceTree = BUILT_PRODUCTS_DIR; };
		225DEC5F1A13D2F700B749EF /* Info.plist */ = {isa = PBXFileReference; lastKnownFileType = text.plist.xml; path = Info.plist; sourceTree = "<group>"; };
		225DEC601A13D2F700B749EF /* tictactoeTests.swift */ = {isa = PBXFileReference; lastKnownFileType = sourcecode.swift; path = tictactoeTests.swift; sourceTree = "<group>"; };
		225DEC6C1A13D5A900B749EF /* board.png */ = {isa = PBXFileReference; lastKnownFileType = image.png; name = board.png; path = "../../../../Downloads/6.3/Tic Tac Toe/board.png"; sourceTree = "<group>"; };
		225DEC6E1A13D5B500B749EF /* cross.png */ = {isa = PBXFileReference; lastKnownFileType = image.png; name = cross.png; path = "../../../../Downloads/6.3/Tic Tac Toe/cross.png"; sourceTree = "<group>"; };
		225DEC6F1A13D5B500B749EF /* nought.png */ = {isa = PBXFileReference; lastKnownFileType = image.png; name = nought.png; path = "../../../../Downloads/6.3/Tic Tac Toe/nought.png"; sourceTree = "<group>"; };
/* End PBXFileReference section */

/* Begin PBXFrameworksBuildPhase section */
		225DEC421A13D2F700B749EF /* Frameworks */ = {
			isa = PBXFrameworksBuildPhase;
			buildActionMask = 2147483647;
			files = (
			);
			runOnlyForDeploymentPostprocessing = 0;
		};
		225DEC571A13D2F700B749EF /* Frameworks */ = {
			isa = PBXFrameworksBuildPhase;
			buildActionMask = 2147483647;
			files = (
			);
			runOnlyForDeploymentPostprocessing = 0;
		};
/* End PBXFrameworksBuildPhase section */

/* Begin PBXGroup section */
		225DEC3C1A13D2F700B749EF = {
			isa = PBXGroup;
			children = (
				225DEC471A13D2F700B749EF /* tictactoe */,
				225DEC5D1A13D2F700B749EF /* tictactoeTests */,
				225DEC461A13D2F700B749EF /* Products */,
			);
			sourceTree = "<group>";
		};
		225DEC461A13D2F700B749EF /* Products */ = {
			isa = PBXGroup;
			children = (
				225DEC451A13D2F700B749EF /* tictactoe.app */,
				225DEC5A1A13D2F700B749EF /* tictactoeTests.xctest */,
			);
			name = Products;
			sourceTree = "<group>";
		};
		225DEC471A13D2F700B749EF /* tictactoe */ = {
			isa = PBXGroup;
			children = (
				225DEC4A1A13D2F700B749EF /* AppDelegate.swift */,
				225DEC4C1A13D2F700B749EF /* ViewController.swift */,
				225DEC6E1A13D5B500B749EF /* cross.png */,
				225DEC6F1A13D5B500B749EF /* nought.png */,
				225DEC6C1A13D5A900B749EF /* board.png */,
				225DEC4E1A13D2F700B749EF /* Main.storyboard */,
				225DEC511A13D2F700B749EF /* Images.xcassets */,
				225DEC531A13D2F700B749EF /* LaunchScreen.xib */,
				225DEC481A13D2F700B749EF /* Supporting Files */,
			);
			path = tictactoe;
			sourceTree = "<group>";
		};
		225DEC481A13D2F700B749EF /* Supporting Files */ = {
			isa = PBXGroup;
			children = (
				225DEC491A13D2F700B749EF /* Info.plist */,
			);
			name = "Supporting Files";
			sourceTree = "<group>";
		};
		225DEC5D1A13D2F700B749EF /* tictactoeTests */ = {
			isa = PBXGroup;
			children = (
				225DEC601A13D2F700B749EF /* tictactoeTests.swift */,
				225DEC5E1A13D2F700B749EF /* Supporting Files */,
			);
			path = tictactoeTests;
			sourceTree = "<group>";
		};
		225DEC5E1A13D2F700B749EF /* Supporting Files */ = {
			isa = PBXGroup;
			children = (
				225DEC5F1A13D2F700B749EF /* Info.plist */,
			);
			name = "Supporting Files";
			sourceTree = "<group>";
		};
/* End PBXGroup section */

/* Begin PBXNativeTarget section */
		225DEC441A13D2F700B749EF /* tictactoe */ = {
			isa = PBXNativeTarget;
			buildConfigurationList = 225DEC641A13D2F700B749EF /* Build configuration list for PBXNativeTarget "tictactoe" */;
			buildPhases = (
				225DEC411A13D2F700B749EF /* Sources */,
				225DEC421A13D2F700B749EF /* Frameworks */,
				225DEC431A13D2F700B749EF /* Resources */,
			);
			buildRules = (
			);
			dependencies = (
			);
			name = tictactoe;
			productName = tictactoe;
			productReference = 225DEC451A13D2F700B749EF /* tictactoe.app */;
			productType = "com.apple.product-type.application";
		};
		225DEC591A13D2F700B749EF /* tictactoeTests */ = {
			isa = PBXNativeTarget;
			buildConfigurationList = 225DEC671A13D2F700B749EF /* Build configuration list for PBXNativeTarget "tictactoeTests" */;
			buildPhases = (
				225DEC561A13D2F700B749EF /* Sources */,
				225DEC571A13D2F700B749EF /* Frameworks */,
				225DEC581A13D2F700B749EF /* Resources */,
			);
			buildRules = (
			);
			dependencies = (
				225DEC5C1A13D2F700B749EF /* PBXTargetDependency */,
			);
			name = tictactoeTests;
			productName = tictactoeTests;
			productReference = 225DEC5A1A13D2F700B749EF /* tictactoeTests.xctest */;
			productType = "com.apple.product-type.bundle.unit-test";
		};
/* End PBXNativeTarget section */

/* Begin PBXProject section */
		225DEC3D1A13D2F700B749EF /* Project object */ = {
			isa = PBXProject;
			attributes = {
				LastUpgradeCheck = 0610;
				ORGANIZATIONNAME = Lucille;
				TargetAttributes = {
					225DEC441A13D2F700B749EF = {
						CreatedOnToolsVersion = 6.1;
					};
					225DEC591A13D2F700B749EF = {
						CreatedOnToolsVersion = 6.1;
						TestTargetID = 225DEC441A13D2F700B749EF;
					};
				};
			};
			buildConfigurationList = 225DEC401A13D2F700B749EF /* Build configuration list for PBXProject "tictactoe" */;
			compatibilityVersion = "Xcode 3.2";
			developmentRegion = English;
			hasScannedForEncodings = 0;
			knownRegions = (
				en,
				Base,
			);
			mainGroup = 225DEC3C1A13D2F700B749EF;
			productRefGroup = 225DEC461A13D2F700B749EF /* Products */;
			projectDirPath = "";
			projectRoot = "";
			targets = (
				225DEC441A13D2F700B749EF /* tictactoe */,
				225DEC591A13D2F700B749EF /* tictactoeTests */,
			);
		};
/* End PBXProject section */

/* Begin PBXResourcesBuildPhase section */
		225DEC431A13D2F700B749EF /* Resources */ = {
			isa = PBXResourcesBuildPhase;
			buildActionMask = 2147483647;
			files = (
				225DEC701A13D5B500B749EF /* cross.png in Resources */,
				225DEC6D1A13D5A900B749EF /* board.png in Resources */,
				225DEC711A13D5B500B749EF /* nought.png in Resources */,
				225DEC501A13D2F700B749EF /* Main.storyboard in Resources */,
				225DEC551A13D2F700B749EF /* LaunchScreen.xib in Resources */,
				225DEC521A13D2F700B749EF /* Images.xcassets in Resources */,
			);
			runOnlyForDeploymentPostprocessing = 0;
		};
		225DEC581A13D2F700B749EF /* Resources */ = {
			isa = PBXResourcesBuildPhase;
			buildActionMask = 2147483647;
			files = (
			);
			runOnlyForDeploymentPostprocessing = 0;
		};
/* End PBXResourcesBuildPhase section */

/* Begin PBXSourcesBuildPhase section */
		225DEC411A13D2F700B749EF /* Sources */ = {
			isa = PBXSourcesBuildPhase;
			buildActionMask = 2147483647;
			files = (
				225DEC4D1A13D2F700B749EF /* ViewController.swift in Sources */,
				225DEC4B1A13D2F700B749EF /* AppDelegate.swift in Sources */,
			);
			runOnlyForDeploymentPostprocessing = 0;
		};
		225DEC561A13D2F700B749EF /* Sources */ = {
			isa = PBXSourcesBuildPhase;
			buildActionMask = 2147483647;
			files = (
				225DEC611A13D2F700B749EF /* tictactoeTests.swift in Sources */,
			);
			runOnlyForDeploymentPostprocessing = 0;
		};
/* End PBXSourcesBuildPhase section */

/* Begin PBXTargetDependency section */
		225DEC5C1A13D2F700B749EF /* PBXTargetDependency */ = {
			isa = PBXTargetDependency;
			target = 225DEC441A13D2F700B749EF /* tictactoe */;
			targetProxy = 225DEC5B1A13D2F700B749EF /* PBXContainerItemProxy */;
		};
/* End PBXTargetDependency section */

/* Begin PBXVariantGroup section */
		225DEC4E1A13D2F700B749EF /* Main.storyboard */ = {
			isa = PBXVariantGroup;
			children = (
				225DEC4F1A13D2F700B749EF /* Base */,
			);
			name = Main.storyboard;
			sourceTree = "<group>";
		};
		225DEC531A13D2F700B749EF /* LaunchScreen.xib */ = {
			isa = PBXVariantGroup;
			children = (
				225DEC541A13D2F700B749EF /* Base */,
			);
			name = LaunchScreen.xib;
			sourceTree = "<group>";
		};
/* End PBXVariantGroup section */

/* Begin XCBuildConfiguration section */
		225DEC621A13D2F700B749EF /* Debug */ = {
			isa = XCBuildConfiguration;
			buildSettings = {
				ALWAYS_SEARCH_USER_PATHS = NO;
				CLANG_CXX_LANGUAGE_STANDARD = "gnu++0x";
				CLANG_CXX_LIBRARY = "libc++";
				CLANG_ENABLE_MODULES = YES;
				CLANG_ENABLE_OBJC_ARC = YES;
				CLANG_WARN_BOOL_CONVERSION = YES;
				CLANG_WARN_CONSTANT_CONVERSION = YES;
				CLANG_WARN_DIRECT_OBJC_ISA_USAGE = YES_ERROR;
				CLANG_WARN_EMPTY_BODY = YES;
				CLANG_WARN_ENUM_CONVERSION = YES;
				CLANG_WARN_INT_CONVERSION = YES;
				CLANG_WARN_OBJC_ROOT_CLASS = YES_ERROR;
				CLANG_WARN_UNREACHABLE_CODE = YES;
				CLANG_WARN__DUPLICATE_METHOD_MATCH = YES;
				"CODE_SIGN_IDENTITY[sdk=iphoneos*]" = "iPhone Developer";
				COPY_PHASE_STRIP = NO;
				ENABLE_STRICT_OBJC_MSGSEND = YES;
				GCC_C_LANGUAGE_STANDARD = gnu99;
				GCC_DYNAMIC_NO_PIC = NO;
				GCC_OPTIMIZATION_LEVEL = 0;
				GCC_PREPROCESSOR_DEFINITIONS = (
					"DEBUG=1",
					"$(inherited)",
				);
				GCC_SYMBOLS_PRIVATE_EXTERN = NO;
				GCC_WARN_64_TO_32_BIT_CONVERSION = YES;
				GCC_WARN_ABOUT_RETURN_TYPE = YES_ERROR;
				GCC_WARN_UNDECLARED_SELECTOR = YES;
				GCC_WARN_UNINITIALIZED_AUTOS = YES_AGGRESSIVE;
				GCC_WARN_UNUSED_FUNCTION = YES;
				GCC_WARN_UNUSED_VARIABLE = YES;
				IPHONEOS_DEPLOYMENT_TARGET = 8.1;
				MTL_ENABLE_DEBUG_INFO = YES;
				ONLY_ACTIVE_ARCH = YES;
				SDKROOT = iphoneos;
				SWIFT_OPTIMIZATION_LEVEL = "-Onone";
				TARGETED_DEVICE_FAMILY = "1,2";
			};
			name = Debug;
		};
		225DEC631A13D2F700B749EF /* Release */ = {
			isa = XCBuildConfiguration;
			buildSettings = {
				ALWAYS_SEARCH_USER_PATHS = NO;
				CLANG_CXX_LANGUAGE_STANDARD = "gnu++0x";
				CLANG_CXX_LIBRARY = "libc++";
				CLANG_ENABLE_MODULES = YES;
				CLANG_ENABLE_OBJC_ARC = YES;
				CLANG_WARN_BOOL_CONVERSION = YES;
				CLANG_WARN_CONSTANT_CONVERSION = YES;
				CLANG_WARN_DIRECT_OBJC_ISA_USAGE = YES_ERROR;
				CLANG_WARN_EMPTY_BODY = YES;
				CLANG_WARN_ENUM_CONVERSION = YES;
				CLANG_WARN_INT_CONVERSION = YES;
				CLANG_WARN_OBJC_ROOT_CLASS = YES_ERROR;
				CLANG_WARN_UNREACHABLE_CODE = YES;
				CLANG_WARN__DUPLICATE_METHOD_MATCH = YES;
				"CODE_SIGN_IDENTITY[sdk=iphoneos*]" = "iPhone Developer";
				COPY_PHASE_STRIP = YES;
				ENABLE_NS_ASSERTIONS = NO;
				ENABLE_STRICT_OBJC_MSGSEND = YES;
				GCC_C_LANGUAGE_STANDARD = gnu99;
				GCC_WARN_64_TO_32_BIT_CONVERSION = YES;
				GCC_WARN_ABOUT_RETURN_TYPE = YES_ERROR;
				GCC_WARN_UNDECLARED_SELECTOR = YES;
				GCC_WARN_UNINITIALIZED_AUTOS = YES_AGGRESSIVE;
				GCC_WARN_UNUSED_FUNCTION = YES;
				GCC_WARN_UNUSED_VARIABLE = YES;
				IPHONEOS_DEPLOYMENT_TARGET = 8.1;
				MTL_ENABLE_DEBUG_INFO = NO;
				SDKROOT = iphoneos;
				TARGETED_DEVICE_FAMILY = "1,2";
				VALIDATE_PRODUCT = YES;
			};
			name = Release;
		};
		225DEC651A13D2F700B749EF /* Debug */ = {
			isa = XCBuildConfiguration;
			buildSettings = {
				ASSETCATALOG_COMPILER_APPICON_NAME = AppIcon;
				INFOPLIST_FILE = tictactoe/Info.plist;
				LD_RUNPATH_SEARCH_PATHS = "$(inherited) @executable_path/Frameworks";
				PRODUCT_NAME = "$(TARGET_NAME)";
			};
			name = Debug;
		};
		225DEC661A13D2F700B749EF /* Release */ = {
			isa = XCBuildConfiguration;
			buildSettings = {
				ASSETCATALOG_COMPILER_APPICON_NAME = AppIcon;
				INFOPLIST_FILE = tictactoe/Info.plist;
				LD_RUNPATH_SEARCH_PATHS = "$(inherited) @executable_path/Frameworks";
				PRODUCT_NAME = "$(TARGET_NAME)";
			};
			name = Release;
		};
		225DEC681A13D2F700B749EF /* Debug */ = {
			isa = XCBuildConfiguration;
			buildSettings = {
				BUNDLE_LOADER = "$(TEST_HOST)";
				FRAMEWORK_SEARCH_PATHS = (
					"$(SDKROOT)/Developer/Library/Frameworks",
					"$(inherited)",
				);
				GCC_PREPROCESSOR_DEFINITIONS = (
					"DEBUG=1",
					"$(inherited)",
				);
				INFOPLIST_FILE = tictactoeTests/Info.plist;
				LD_RUNPATH_SEARCH_PATHS = "$(inherited) @executable_path/Frameworks @loader_path/Frameworks";
				PRODUCT_NAME = "$(TARGET_NAME)";
				TEST_HOST = "$(BUILT_PRODUCTS_DIR)/tictactoe.app/tictactoe";
			};
			name = Debug;
		};
		225DEC691A13D2F700B749EF /* Release */ = {
			isa = XCBuildConfiguration;
			buildSettings = {
				BUNDLE_LOADER = "$(TEST_HOST)";
				FRAMEWORK_SEARCH_PATHS = (
					"$(SDKROOT)/Developer/Library/Frameworks",
					"$(inherited)",
				);
				INFOPLIST_FILE = tictactoeTests/Info.plist;
				LD_RUNPATH_SEARCH_PATHS = "$(inherited) @executable_path/Frameworks @loader_path/Frameworks";
				PRODUCT_NAME = "$(TARGET_NAME)";
				TEST_HOST = "$(BUILT_PRODUCTS_DIR)/tictactoe.app/tictactoe";
			};
			name = Release;
		};
/* End XCBuildConfiguration section */

/* Begin XCConfigurationList section */
		225DEC401A13D2F700B749EF /* Build configuration list for PBXProject "tictactoe" */ = {
			isa = XCConfigurationList;
			buildConfigurations = (
				225DEC621A13D2F700B749EF /* Debug */,
				225DEC631A13D2F700B749EF /* Release */,
			);
			defaultConfigurationIsVisible = 0;
			defaultConfigurationName = Release;
		};
		225DEC641A13D2F700B749EF /* Build configuration list for PBXNativeTarget "tictactoe" */ = {
			isa = XCConfigurationList;
			buildConfigurations = (
				225DEC651A13D2F700B749EF /* Debug */,
				225DEC661A13D2F700B749EF /* Release */,
			);
			defaultConfigurationIsVisible = 0;
		};
		225DEC671A13D2F700B749EF /* Build configuration list for PBXNativeTarget "tictactoeTests" */ = {
			isa = XCConfigurationList;
			buildConfigurations = (
				225DEC681A13D2F700B749EF /* Debug */,
				225DEC691A13D2F700B749EF /* Release */,
			);
			defaultConfigurationIsVisible = 0;
		};
/* End XCConfigurationList section */
	};
	rootObject = 225DEC3D1A13D2F700B749EF /* Project object */;
}
